// !$*UTF8*$!
{
	archiveVersion = 1;
	classes = {
	};
	objectVersion = 46;
	objects = {

/* Begin PBXBuildFile section */
		CF9228061E16BEAF0059DA3F /* AppDelegate.swift in Sources */ = {isa = PBXBuildFile; fileRef = CF9228051E16BEAF0059DA3F /* AppDelegate.swift */; };
		CF9228081E16BEAF0059DA3F /* RecordSoundsViewController.swift in Sources */ = {isa = PBXBuildFile; fileRef = CF9228071E16BEAF0059DA3F /* RecordSoundsViewController.swift */; };
		CF92280B1E16BEAF0059DA3F /* Main.storyboard in Resources */ = {isa = PBXBuildFile; fileRef = CF9228091E16BEAF0059DA3F /* Main.storyboard */; };
		CF92280D1E16BEAF0059DA3F /* Assets.xcassets in Resources */ = {isa = PBXBuildFile; fileRef = CF92280C1E16BEAF0059DA3F /* Assets.xcassets */; };
		CF9228101E16BEAF0059DA3F /* LaunchScreen.storyboard in Resources */ = {isa = PBXBuildFile; fileRef = CF92280E1E16BEAF0059DA3F /* LaunchScreen.storyboard */; };
		CF9228181E171B2D0059DA3F /* PlaySoundsViewController.swift in Sources */ = {isa = PBXBuildFile; fileRef = CF9228171E171B2D0059DA3F /* PlaySoundsViewController.swift */; };
		CF92281A1E1767220059DA3F /* playsoundsviewcontroller-audio.swift in Sources */ = {isa = PBXBuildFile; fileRef = CF9228191E1767220059DA3F /* playsoundsviewcontroller-audio.swift */; };
/* End PBXBuildFile section */

/* Begin PBXFileReference section */
		CF9228021E16BEAF0059DA3F /* PitchPerfect.app */ = {isa = PBXFileReference; explicitFileType = wrapper.application; includeInIndex = 0; path = PitchPerfect.app; sourceTree = BUILT_PRODUCTS_DIR; };
		CF9228051E16BEAF0059DA3F /* AppDelegate.swift */ = {isa = PBXFileReference; lastKnownFileType = sourcecode.swift; path = AppDelegate.swift; sourceTree = "<group>"; };
		CF9228071E16BEAF0059DA3F /* RecordSoundsViewController.swift */ = {isa = PBXFileReference; lastKnownFileType = sourcecode.swift; path = RecordSoundsViewController.swift; sourceTree = "<group>"; };
		CF92280A1E16BEAF0059DA3F /* Base */ = {isa = PBXFileReference; lastKnownFileType = file.storyboard; name = Base; path = Base.lproj/Main.storyboard; sourceTree = "<group>"; };
		CF92280C1E16BEAF0059DA3F /* Assets.xcassets */ = {isa = PBXFileReference; lastKnownFileType = folder.assetcatalog; path = Assets.xcassets; sourceTree = "<group>"; };
		CF92280F1E16BEAF0059DA3F /* Base */ = {isa = PBXFileReference; lastKnownFileType = file.storyboard; name = Base; path = Base.lproj/LaunchScreen.storyboard; sourceTree = "<group>"; };
		CF9228111E16BEAF0059DA3F /* Info.plist */ = {isa = PBXFileReference; lastKnownFileType = text.plist.xml; path = Info.plist; sourceTree = "<group>"; };
		CF9228171E171B2D0059DA3F /* PlaySoundsViewController.swift */ = {isa = PBXFileReference; fileEncoding = 4; lastKnownFileType = sourcecode.swift; path = PlaySoundsViewController.swift; sourceTree = "<group>"; };
		CF9228191E1767220059DA3F /* playsoundsviewcontroller-audio.swift */ = {isa = PBXFileReference; fileEncoding = 4; lastKnownFileType = sourcecode.swift; path = "playsoundsviewcontroller-audio.swift"; sourceTree = "<group>"; };
/* End PBXFileReference section */

/* Begin PBXFrameworksBuildPhase section */
		CF9227FF1E16BEAF0059DA3F /* Frameworks */ = {
			isa = PBXFrameworksBuildPhase;
			buildActionMask = 2147483647;
			files = (
			);
			runOnlyForDeploymentPostprocessing = 0;
		};
/* End PBXFrameworksBuildPhase section */

/* Begin PBXGroup section */
		CF9227F91E16BEAF0059DA3F = {
			isa = PBXGroup;
			children = (
				CF9228041E16BEAF0059DA3F /* PitchPerfect */,
				CF9228031E16BEAF0059DA3F /* Products */,
			);
			sourceTree = "<group>";
		};
		CF9228031E16BEAF0059DA3F /* Products */ = {
			isa = PBXGroup;
			children = (
				CF9228021E16BEAF0059DA3F /* PitchPerfect.app */,
			);
			name = Products;
			sourceTree = "<group>";
		};
		CF9228041E16BEAF0059DA3F /* PitchPerfect */ = {
			isa = PBXGroup;
			children = (
				CF9228051E16BEAF0059DA3F /* AppDelegate.swift */,
				CF9228071E16BEAF0059DA3F /* RecordSoundsViewController.swift */,
				CF9228091E16BEAF0059DA3F /* Main.storyboard */,
				CF92280C1E16BEAF0059DA3F /* Assets.xcassets */,
				CF92280E1E16BEAF0059DA3F /* LaunchScreen.storyboard */,
				CF9228111E16BEAF0059DA3F /* Info.plist */,
				CF9228171E171B2D0059DA3F /* PlaySoundsViewController.swift */,
				CF9228191E1767220059DA3F /* playsoundsviewcontroller-audio.swift */,
			);
			path = PitchPerfect;
			sourceTree = "<group>";
		};
/* End PBXGroup section */

/* Begin PBXNativeTarget section */
		CF9228011E16BEAF0059DA3F /* PitchPerfect */ = {
			isa = PBXNativeTarget;
			buildConfigurationList = CF9228141E16BEAF0059DA3F /* Build configuration list for PBXNativeTarget "PitchPerfect" */;
			buildPhases = (
				CF9227FE1E16BEAF0059DA3F /* Sources */,
				CF9227FF1E16BEAF0059DA3F /* Frameworks */,
				CF9228001E16BEAF0059DA3F /* Resources */,
			);
			buildRules = (
			);
			dependencies = (
			);
			name = PitchPerfect;
			productName = PitchPerfect;
			productReference = CF9228021E16BEAF0059DA3F /* PitchPerfect.app */;
			productType = "com.apple.product-type.application";
		};
/* End PBXNativeTarget section */

/* Begin PBXProject section */
		CF9227FA1E16BEAF0059DA3F /* Project object */ = {
			isa = PBXProject;
			attributes = {
				LastSwiftUpdateCheck = 0820;
				LastUpgradeCheck = 0820;
				ORGANIZATIONNAME = bschlangen;
				TargetAttributes = {
					CF9228011E16BEAF0059DA3F = {
						CreatedOnToolsVersion = 8.2.1;
						ProvisioningStyle = Automatic;
					};
				};
			};
			buildConfigurationList = CF9227FD1E16BEAF0059DA3F /* Build configuration list for PBXProject "PitchPerfect" */;
			compatibilityVersion = "Xcode 3.2";
			developmentRegion = English;
			hasScannedForEncodings = 0;
			knownRegions = (
				en,
				Base,
			);
			mainGroup = CF9227F91E16BEAF0059DA3F;
			productRefGroup = CF9228031E16BEAF0059DA3F /* Products */;
			projectDirPath = "";
			projectRoot = "";
			targets = (
				CF9228011E16BEAF0059DA3F /* PitchPerfect */,
			);
		};
/* End PBXProject section */

/* Begin PBXResourcesBuildPhase section */
		CF9228001E16BEAF0059DA3F /* Resources */ = {
			isa = PBXResourcesBuildPhase;
			buildActionMask = 2147483647;
			files = (
				CF9228101E16BEAF0059DA3F /* LaunchScreen.storyboard in Resources */,
				CF92280D1E16BEAF0059DA3F /* Assets.xcassets in Resources */,
				CF92280B1E16BEAF0059DA3F /* Main.storyboard in Resources */,
			);
			runOnlyForDeploymentPostprocessing = 0;
		};
/* End PBXResourcesBuildPhase section */

/* Begin PBXSourcesBuildPhase section */
		CF9227FE1E16BEAF0059DA3F /* Sources */ = {
			isa = PBXSourcesBuildPhase;
			buildActionMask = 2147483647;
			files = (
				CF9228081E16BEAF0059DA3F /* RecordSoundsViewController.swift in Sources */,
				CF9228181E171B2D0059DA3F /* PlaySoundsViewController.swift in Sources */,
				CF9228061E16BEAF0059DA3F /* AppDelegate.swift in Sources */,
				CF92281A1E1767220059DA3F /* playsoundsviewcontroller-audio.swift in Sources */,
			);
			runOnlyForDeploymentPostprocessing = 0;
		};
/* End PBXSourcesBuildPhase section */

/* Begin PBXVariantGroup section */
		CF9228091E16BEAF0059DA3F /* Main.storyboard */ = {
			isa = PBXVariantGroup;
			children = (
				CF92280A1E16BEAF0059DA3F /* Base */,
			);
			name = Main.storyboard;
			sourceTree = "<group>";
		};
		CF92280E1E16BEAF0059DA3F /* LaunchScreen.storyboard */ = {
			isa = PBXVariantGroup;
			children = (
				CF92280F1E16BEAF0059DA3F /* Base */,
			);
			name = LaunchScreen.storyboard;
			sourceTree = "<group>";
		};
/* End PBXVariantGroup section */

/* Begin XCBuildConfiguration section */
		CF9228121E16BEAF0059DA3F /* Debug */ = {
			isa = XCBuildConfiguration;
			buildSettings = {
				ALWAYS_SEARCH_USER_PATHS = NO;
				CLANG_ANALYZER_NONNULL = YES;
				CLANG_CXX_LANGUAGE_STANDARD = "gnu++0x";
				CLANG_CXX_LIBRARY = "libc++";
				CLANG_ENABLE_MODULES = YES;
				CLANG_ENABLE_OBJC_ARC = YES;
				CLANG_WARN_BOOL_CONVERSION = YES;
				CLANG_WARN_CONSTANT_CONVERSION = YES;
				CLANG_WARN_DIRECT_OBJC_ISA_USAGE = YES_ERROR;
				CLANG_WARN_DOCUMENTATION_COMMENTS = YES;
				CLANG_WARN_EMPTY_BODY = YES;
				CLANG_WARN_ENUM_CONVERSION = YES;
				CLANG_WARN_INFINITE_RECURSION = YES;
				CLANG_WARN_INT_CONVERSION = YES;
				CLANG_WARN_OBJC_ROOT_CLASS = YES_ERROR;
				CLANG_WARN_SUSPICIOUS_MOVE = YES;
				CLANG_WARN_UNREACHABLE_CODE = YES;
				CLANG_WARN__DUPLICATE_METHOD_MATCH = YES;
				"CODE_SIGN_IDENTITY[sdk=iphoneos*]" = "iPhone Developer";
				COPY_PHASE_STRIP = NO;
				DEBUG_INFORMATION_FORMAT = dwarf;
				ENABLE_STRICT_OBJC_MSGSEND = YES;
				ENABLE_TESTABILITY = YES;
				GCC_C_LANGUAGE_STANDARD = gnu99;
				GCC_DYNAMIC_NO_PIC = NO;
				GCC_NO_COMMON_BLOCKS = YES;
				GCC_OPTIMIZATION_LEVEL = 0;
				GCC_PREPROCESSOR_DEFINITIONS = (
					"DEBUG=1",
					"$(inherited)",
				);
				GCC_WARN_64_TO_32_BIT_CONVERSION = YES;
				GCC_WARN_ABOUT_RETURN_TYPE = YES_ERROR;
				GCC_WARN_UNDECLARED_SELECTOR = YES;
				GCC_WARN_UNINITIALIZED_AUTOS = YES_AGGRESSIVE;
				GCC_WARN_UNUSED_FUNCTION = YES;
				GCC_WARN_UNUSED_VARIABLE = YES;
				IPHONEOS_DEPLOYMENT_TARGET = 10.2;
				MTL_ENABLE_DEBUG_INFO = YES;
				ONLY_ACTIVE_ARCH = YES;
				SDKROOT = iphoneos;
				SWIFT_ACTIVE_COMPILATION_CONDITIONS = DEBUG;
				SWIFT_OPTIMIZATION_LEVEL = "-Onone";
				TARGETED_DEVICE_FAMILY = "1,2";
			};
			name = Debug;
		};
		CF9228131E16BEAF0059DA3F /* Release */ = {
			isa = XCBuildConfiguration;
			buildSettings = {
				ALWAYS_SEARCH_USER_PATHS = NO;
				CLANG_ANALYZER_NONNULL = YES;
				CLANG_CXX_LANGUAGE_STANDARD = "gnu++0x";
				CLANG_CXX_LIBRARY = "libc++";
				CLANG_ENABLE_MODULES = YES;
				CLANG_ENABLE_OBJC_ARC = YES;
				CLANG_WARN_BOOL_CONVERSION = YES;
				CLANG_WARN_CONSTANT_CONVERSION = YES;
				CLANG_WARN_DIRECT_OBJC_ISA_USAGE = YES_ERROR;
				CLANG_WARN_DOCUMENTATION_COMMENTS = YES;
				CLANG_WARN_EMPTY_BODY = YES;
				CLANG_WARN_ENUM_CONVERSION = YES;
				CLANG_WARN_INFINITE_RECURSION = YES;
				CLANG_WARN_INT_CONVERSION = YES;
				CLANG_WARN_OBJC_ROOT_CLASS = YES_ERROR;
				CLANG_WARN_SUSPICIOUS_MOVE = YES;
				CLANG_WARN_UNREACHABLE_CODE = YES;
				CLANG_WARN__DUPLICATE_METHOD_MATCH = YES;
				"CODE_SIGN_IDENTITY[sdk=iphoneos*]" = "iPhone Developer";
				COPY_PHASE_STRIP = NO;
				DEBUG_INFORMATION_FORMAT = "dwarf-with-dsym";
				ENABLE_NS_ASSERTIONS = NO;
				ENABLE_STRICT_OBJC_MSGSEND = YES;
				GCC_C_LANGUAGE_STANDARD = gnu99;
				GCC_NO_COMMON_BLOCKS = YES;
				GCC_WARN_64_TO_32_BIT_CONVERSION = YES;
				GCC_WARN_ABOUT_RETURN_TYPE = YES_ERROR;
				GCC_WARN_UNDECLARED_SELECTOR = YES;
				GCC_WARN_UNINITIALIZED_AUTOS = YES_AGGRESSIVE;
				GCC_WARN_UNUSED_FUNCTION = YES;
				GCC_WARN_UNUSED_VARIABLE = YES;
				IPHONEOS_DEPLOYMENT_TARGET = 10.2;
				MTL_ENABLE_DEBUG_INFO = NO;
				SDKROOT = iphoneos;
				SWIFT_OPTIMIZATION_LEVEL = "-Owholemodule";
				TARGETED_DEVICE_FAMILY = "1,2";
				VALIDATE_PRODUCT = YES;
			};
			name = Release;
		};
		CF9228151E16BEAF0059DA3F /* Debug */ = {
			isa = XCBuildConfiguration;
			buildSettings = {
				ASSETCATALOG_COMPILER_APPICON_NAME = AppIcon;
				INFOPLIST_FILE = PitchPerfect/Info.plist;
				LD_RUNPATH_SEARCH_PATHS = "$(inherited) @executable_path/Frameworks";
				PRODUCT_BUNDLE_IDENTIFIER = com.bschlangen.PitchPerfect;
				PRODUCT_NAME = "$(TARGET_NAME)";
				SWIFT_VERSION = 3.0;
			};
			name = Debug;
		};
		CF9228161E16BEAF0059DA3F /* Release */ = {
			isa = XCBuildConfiguration;
			buildSettings = {
				ASSETCATALOG_COMPILER_APPICON_NAME = AppIcon;
				INFOPLIST_FILE = PitchPerfect/Info.plist;
				LD_RUNPATH_SEARCH_PATHS = "$(inherited) @executable_path/Frameworks";
				PRODUCT_BUNDLE_IDENTIFIER = com.bschlangen.PitchPerfect;
				PRODUCT_NAME = "$(TARGET_NAME)";
				SWIFT_VERSION = 3.0;
			};
			name = Release;
		};
/* End XCBuildConfiguration section */

/* Begin XCConfigurationList section */
		CF9227FD1E16BEAF0059DA3F /* Build configuration list for PBXProject "PitchPerfect" */ = {
			isa = XCConfigurationList;
			buildConfigurations = (
				CF9228121E16BEAF0059DA3F /* Debug */,
				CF9228131E16BEAF0059DA3F /* Release */,
			);
			defaultConfigurationIsVisible = 0;
			defaultConfigurationName = Release;
		};
		CF9228141E16BEAF0059DA3F /* Build configuration list for PBXNativeTarget "PitchPerfect" */ = {
			isa = XCConfigurationList;
			buildConfigurations = (
				CF9228151E16BEAF0059DA3F /* Debug */,
				CF9228161E16BEAF0059DA3F /* Release */,
			);
			defaultConfigurationIsVisible = 0;
		};
/* End XCConfigurationList section */
	};
	rootObject = CF9227FA1E16BEAF0059DA3F /* Project object */;
}
